Microsoft Visual Studio Solution File, Format Version 12.00
# Visual Studio Version 17
VisualStudioVersion = 17.13.35828.75
MinimumVisualStudioVersion = 10.0.40219.1
Project("{FAE04EC0-301F-11D3-BF4B-00C04F79EFBC}") = "TODOListServer", "TODOListServer\TODOListServer.csproj", "{50F78DB7-D72A-477D-93C3-0A4F8EEB7353}"
EndProject
Project("{FAE04EC0-301F-11D3-BF4B-00C04F79EFBC}") = "TODOListClient", "TODOListClient\TODOListClient.csproj", "{6A11A2D8-3C98-4D86-8522-532DBEA7929A}"
EndProject
Global
	GlobalSection(SolutionConfigurationPlatforms) = preSolution
		Debug|Any CPU = Debug|Any CPU
		Release|Any CPU = Release|Any CPU
	EndGlobalSection
	GlobalSection(ProjectConfigurationPlatforms) = postSolution
		{50F78DB7-D72A-477D-93C3-0A4F8EEB7353}.Debug|Any CPU.ActiveCfg = Debug|Any CPU
		{50F78DB7-D72A-477D-93C3-0A4F8EEB7353}.Debug|Any CPU.Build.0 = Debug|Any CPU
		{50F78DB7-D72A-477D-93C3-0A4F8EEB7353}.Release|Any CPU.ActiveCfg = Release|Any CPU
		{50F78DB7-D72A-477D-93C3-0A4F8EEB7353}.Release|Any CPU.Build.0 = Release|Any CPU
		{6A11A2D8-3C98-4D86-8522-532DBEA7929A}.Debug|Any CPU.ActiveCfg = Debug|Any CPU
		{6A11A2D8-3C98-4D86-8522-532DBEA7929A}.Debug|Any CPU.Build.0 = Debug|Any CPU
		{6A11A2D8-3C98-4D86-8522-532DBEA7929A}.Release|Any CPU.ActiveCfg = Release|Any CPU
		{6A11A2D8-3C98-4D86-8522-532DBEA7929A}.Release|Any CPU.Build.0 = Release|Any CPU
	EndGlobalSection
	GlobalSection(SolutionProperties) = preSolution
		HideSolutionNode = FALSE
	EndGlobalSection
	GlobalSection(ExtensibilityGlobals) = postSolution
		SolutionGuid = {4C7A9703-00B9-4B41-8D46-B15DB0367D38}
	EndGlobalSection
EndGlobal
